// !$*UTF8*$!
{
	archiveVersion = 1;
	classes = {
	};
	objectVersion = 50;
	objects = {

/* Begin PBXBuildFile section */
		0D825B0F251679290043F1B7 /* AppDelegate.swift in Sources */ = {isa = PBXBuildFile; fileRef = 0D825B0E251679290043F1B7 /* AppDelegate.swift */; };
		0D825B11251679290043F1B7 /* SceneDelegate.swift in Sources */ = {isa = PBXBuildFile; fileRef = 0D825B10251679290043F1B7 /* SceneDelegate.swift */; };
		0D825B13251679290043F1B7 /* HomeView.swift in Sources */ = {isa = PBXBuildFile; fileRef = 0D825B12251679290043F1B7 /* HomeView.swift */; };
		0D825B152516792A0043F1B7 /* Assets.xcassets in Resources */ = {isa = PBXBuildFile; fileRef = 0D825B142516792A0043F1B7 /* Assets.xcassets */; };
		0D825B182516792A0043F1B7 /* Preview Assets.xcassets in Resources */ = {isa = PBXBuildFile; fileRef = 0D825B172516792A0043F1B7 /* Preview Assets.xcassets */; };
		0D825B1B2516792A0043F1B7 /* LaunchScreen.storyboard in Resources */ = {isa = PBXBuildFile; fileRef = 0D825B192516792A0043F1B7 /* LaunchScreen.storyboard */; };
		0D825B262516792A0043F1B7 /* LEDControllerTests.swift in Sources */ = {isa = PBXBuildFile; fileRef = 0D825B252516792A0043F1B7 /* LEDControllerTests.swift */; };
		0D825B312516792A0043F1B7 /* LEDControllerUITests.swift in Sources */ = {isa = PBXBuildFile; fileRef = 0D825B302516792A0043F1B7 /* LEDControllerUITests.swift */; };
		0D825B4425167DC80043F1B7 /* ColorButtonStyle.swift in Sources */ = {isa = PBXBuildFile; fileRef = 0D825B4325167DC80043F1B7 /* ColorButtonStyle.swift */; };
		0D825B4C25167EF20043F1B7 /* RGBColor.swift in Sources */ = {isa = PBXBuildFile; fileRef = 0D825B4B25167EF20043F1B7 /* RGBColor.swift */; };
		0D825B602517B5790043F1B7 /* UIColor+CustomColors.swift in Sources */ = {isa = PBXBuildFile; fileRef = 0D825B5F2517B5790043F1B7 /* UIColor+CustomColors.swift */; };
		0D825B662517B7040043F1B7 /* RGBButton.swift in Sources */ = {isa = PBXBuildFile; fileRef = 0D825B652517B7040043F1B7 /* RGBButton.swift */; };
		0D825B782517BA1F0043F1B7 /* PatternButtonStyle.swift in Sources */ = {isa = PBXBuildFile; fileRef = 0D825B772517BA1F0043F1B7 /* PatternButtonStyle.swift */; };
		0D825B7D2517BA550043F1B7 /* RGBPattern.swift in Sources */ = {isa = PBXBuildFile; fileRef = 0D825B7C2517BA550043F1B7 /* RGBPattern.swift */; };
		0D825B822517BB2E0043F1B7 /* PatternButton.swift in Sources */ = {isa = PBXBuildFile; fileRef = 0D825B812517BB2E0043F1B7 /* PatternButton.swift */; };
		0D825B872517BF590043F1B7 /* BLEManager.swift in Sources */ = {isa = PBXBuildFile; fileRef = 0D825B862517BF590043F1B7 /* BLEManager.swift */; };
/* End PBXBuildFile section */

/* Begin PBXContainerItemProxy section */
		0D825B222516792A0043F1B7 /* PBXContainerItemProxy */ = {
			isa = PBXContainerItemProxy;
			containerPortal = 0D825B03251679290043F1B7 /* Project object */;
			proxyType = 1;
			remoteGlobalIDString = 0D825B0A251679290043F1B7;
			remoteInfo = LEDController;
		};
		0D825B2D2516792A0043F1B7 /* PBXContainerItemProxy */ = {
			isa = PBXContainerItemProxy;
			containerPortal = 0D825B03251679290043F1B7 /* Project object */;
			proxyType = 1;
			remoteGlobalIDString = 0D825B0A251679290043F1B7;
			remoteInfo = LEDController;
		};
/* End PBXContainerItemProxy section */

/* Begin PBXFileReference section */
		0D825B0B251679290043F1B7 /* LEDController.app */ = {isa = PBXFileReference; explicitFileType = wrapper.application; includeInIndex = 0; path = LEDController.app; sourceTree = BUILT_PRODUCTS_DIR; };
		0D825B0E251679290043F1B7 /* AppDelegate.swift */ = {isa = PBXFileReference; lastKnownFileType = sourcecode.swift; path = AppDelegate.swift; sourceTree = "<group>"; };
		0D825B10251679290043F1B7 /* SceneDelegate.swift */ = {isa = PBXFileReference; lastKnownFileType = sourcecode.swift; path = SceneDelegate.swift; sourceTree = "<group>"; };
		0D825B12251679290043F1B7 /* HomeView.swift */ = {isa = PBXFileReference; lastKnownFileType = sourcecode.swift; path = HomeView.swift; sourceTree = "<group>"; };
		0D825B142516792A0043F1B7 /* Assets.xcassets */ = {isa = PBXFileReference; lastKnownFileType = folder.assetcatalog; path = Assets.xcassets; sourceTree = "<group>"; };
		0D825B172516792A0043F1B7 /* Preview Assets.xcassets */ = {isa = PBXFileReference; lastKnownFileType = folder.assetcatalog; path = "Preview Assets.xcassets"; sourceTree = "<group>"; };
		0D825B1A2516792A0043F1B7 /* Base */ = {isa = PBXFileReference; lastKnownFileType = file.storyboard; name = Base; path = Base.lproj/LaunchScreen.storyboard; sourceTree = "<group>"; };
		0D825B1C2516792A0043F1B7 /* Info.plist */ = {isa = PBXFileReference; lastKnownFileType = text.plist.xml; path = Info.plist; sourceTree = "<group>"; };
		0D825B212516792A0043F1B7 /* LEDControllerTests.xctest */ = {isa = PBXFileReference; explicitFileType = wrapper.cfbundle; includeInIndex = 0; path = LEDControllerTests.xctest; sourceTree = BUILT_PRODUCTS_DIR; };
		0D825B252516792A0043F1B7 /* LEDControllerTests.swift */ = {isa = PBXFileReference; lastKnownFileType = sourcecode.swift; path = LEDControllerTests.swift; sourceTree = "<group>"; };
		0D825B272516792A0043F1B7 /* Info.plist */ = {isa = PBXFileReference; lastKnownFileType = text.plist.xml; path = Info.plist; sourceTree = "<group>"; };
		0D825B2C2516792A0043F1B7 /* LEDControllerUITests.xctest */ = {isa = PBXFileReference; explicitFileType = wrapper.cfbundle; includeInIndex = 0; path = LEDControllerUITests.xctest; sourceTree = BUILT_PRODUCTS_DIR; };
		0D825B302516792A0043F1B7 /* LEDControllerUITests.swift */ = {isa = PBXFileReference; lastKnownFileType = sourcecode.swift; path = LEDControllerUITests.swift; sourceTree = "<group>"; };
		0D825B322516792A0043F1B7 /* Info.plist */ = {isa = PBXFileReference; lastKnownFileType = text.plist.xml; path = Info.plist; sourceTree = "<group>"; };
		0D825B4325167DC80043F1B7 /* ColorButtonStyle.swift */ = {isa = PBXFileReference; lastKnownFileType = sourcecode.swift; path = ColorButtonStyle.swift; sourceTree = "<group>"; };
		0D825B4B25167EF20043F1B7 /* RGBColor.swift */ = {isa = PBXFileReference; lastKnownFileType = sourcecode.swift; path = RGBColor.swift; sourceTree = "<group>"; };
		0D825B5F2517B5790043F1B7 /* UIColor+CustomColors.swift */ = {isa = PBXFileReference; lastKnownFileType = sourcecode.swift; path = "UIColor+CustomColors.swift"; sourceTree = "<group>"; };
		0D825B652517B7040043F1B7 /* RGBButton.swift */ = {isa = PBXFileReference; lastKnownFileType = sourcecode.swift; path = RGBButton.swift; sourceTree = "<group>"; };
		0D825B772517BA1F0043F1B7 /* PatternButtonStyle.swift */ = {isa = PBXFileReference; lastKnownFileType = sourcecode.swift; path = PatternButtonStyle.swift; sourceTree = "<group>"; };
		0D825B7C2517BA550043F1B7 /* RGBPattern.swift */ = {isa = PBXFileReference; lastKnownFileType = sourcecode.swift; path = RGBPattern.swift; sourceTree = "<group>"; };
		0D825B812517BB2E0043F1B7 /* PatternButton.swift */ = {isa = PBXFileReference; lastKnownFileType = sourcecode.swift; path = PatternButton.swift; sourceTree = "<group>"; };
		0D825B862517BF590043F1B7 /* BLEManager.swift */ = {isa = PBXFileReference; lastKnownFileType = sourcecode.swift; path = BLEManager.swift; sourceTree = "<group>"; };
/* End PBXFileReference section */

/* Begin PBXFrameworksBuildPhase section */
		0D825B08251679290043F1B7 /* Frameworks */ = {
			isa = PBXFrameworksBuildPhase;
			buildActionMask = 2147483647;
			files = (
			);
			runOnlyForDeploymentPostprocessing = 0;
		};
		0D825B1E2516792A0043F1B7 /* Frameworks */ = {
			isa = PBXFrameworksBuildPhase;
			buildActionMask = 2147483647;
			files = (
			);
			runOnlyForDeploymentPostprocessing = 0;
		};
		0D825B292516792A0043F1B7 /* Frameworks */ = {
			isa = PBXFrameworksBuildPhase;
			buildActionMask = 2147483647;
			files = (
			);
			runOnlyForDeploymentPostprocessing = 0;
		};
/* End PBXFrameworksBuildPhase section */

/* Begin PBXGroup section */
		0D825B02251679290043F1B7 = {
			isa = PBXGroup;
			children = (
				0D825B0D251679290043F1B7 /* LEDController */,
				0D825B242516792A0043F1B7 /* LEDControllerTests */,
				0D825B2F2516792A0043F1B7 /* LEDControllerUITests */,
				0D825B0C251679290043F1B7 /* Products */,
			);
			sourceTree = "<group>";
		};
		0D825B0C251679290043F1B7 /* Products */ = {
			isa = PBXGroup;
			children = (
				0D825B0B251679290043F1B7 /* LEDController.app */,
				0D825B212516792A0043F1B7 /* LEDControllerTests.xctest */,
				0D825B2C2516792A0043F1B7 /* LEDControllerUITests.xctest */,
			);
			name = Products;
			sourceTree = "<group>";
		};
		0D825B0D251679290043F1B7 /* LEDController */ = {
			isa = PBXGroup;
			children = (
				0D825B0E251679290043F1B7 /* AppDelegate.swift */,
				0D825B10251679290043F1B7 /* SceneDelegate.swift */,
				0D825B4B25167EF20043F1B7 /* RGBColor.swift */,
				0D825B862517BF590043F1B7 /* BLEManager.swift */,
				0D825B7C2517BA550043F1B7 /* RGBPattern.swift */,
				0D825B4125167D970043F1B7 /* Views */,
				0D825B702517B7E40043F1B7 /* Extensions */,
				0D825B142516792A0043F1B7 /* Assets.xcassets */,
				0D825B192516792A0043F1B7 /* LaunchScreen.storyboard */,
				0D825B1C2516792A0043F1B7 /* Info.plist */,
				0D825B162516792A0043F1B7 /* Preview Content */,
			);
			path = LEDController;
			sourceTree = "<group>";
		};
		0D825B162516792A0043F1B7 /* Preview Content */ = {
			isa = PBXGroup;
			children = (
				0D825B172516792A0043F1B7 /* Preview Assets.xcassets */,
			);
			path = "Preview Content";
			sourceTree = "<group>";
		};
		0D825B242516792A0043F1B7 /* LEDControllerTests */ = {
			isa = PBXGroup;
			children = (
				0D825B252516792A0043F1B7 /* LEDControllerTests.swift */,
				0D825B272516792A0043F1B7 /* Info.plist */,
			);
			path = LEDControllerTests;
			sourceTree = "<group>";
		};
		0D825B2F2516792A0043F1B7 /* LEDControllerUITests */ = {
			isa = PBXGroup;
			children = (
				0D825B302516792A0043F1B7 /* LEDControllerUITests.swift */,
				0D825B322516792A0043F1B7 /* Info.plist */,
			);
			path = LEDControllerUITests;
			sourceTree = "<group>";
		};
		0D825B4125167D970043F1B7 /* Views */ = {
			isa = PBXGroup;
			children = (
				0D825B12251679290043F1B7 /* HomeView.swift */,
				0D825B642517B6D70043F1B7 /* Buttons */,
			);
			path = Views;
			sourceTree = "<group>";
		};
		0D825B4225167DB20043F1B7 /* Button Styles */ = {
			isa = PBXGroup;
			children = (
				0D825B4325167DC80043F1B7 /* ColorButtonStyle.swift */,
				0D825B772517BA1F0043F1B7 /* PatternButtonStyle.swift */,
			);
			path = "Button Styles";
			sourceTree = "<group>";
		};
		0D825B642517B6D70043F1B7 /* Buttons */ = {
			isa = PBXGroup;
			children = (
				0D825B652517B7040043F1B7 /* RGBButton.swift */,
				0D825B812517BB2E0043F1B7 /* PatternButton.swift */,
				0D825B4225167DB20043F1B7 /* Button Styles */,
			);
			path = Buttons;
			sourceTree = "<group>";
		};
		0D825B702517B7E40043F1B7 /* Extensions */ = {
			isa = PBXGroup;
			children = (
				0D825B5F2517B5790043F1B7 /* UIColor+CustomColors.swift */,
			);
			path = Extensions;
			sourceTree = "<group>";
		};
/* End PBXGroup section */

/* Begin PBXNativeTarget section */
		0D825B0A251679290043F1B7 /* LEDController */ = {
			isa = PBXNativeTarget;
			buildConfigurationList = 0D825B352516792A0043F1B7 /* Build configuration list for PBXNativeTarget "LEDController" */;
			buildPhases = (
				0D825B07251679290043F1B7 /* Sources */,
				0D825B08251679290043F1B7 /* Frameworks */,
				0D825B09251679290043F1B7 /* Resources */,
			);
			buildRules = (
			);
			dependencies = (
			);
			name = LEDController;
			productName = LEDController;
			productReference = 0D825B0B251679290043F1B7 /* LEDController.app */;
			productType = "com.apple.product-type.application";
		};
		0D825B202516792A0043F1B7 /* LEDControllerTests */ = {
			isa = PBXNativeTarget;
			buildConfigurationList = 0D825B382516792A0043F1B7 /* Build configuration list for PBXNativeTarget "LEDControllerTests" */;
			buildPhases = (
				0D825B1D2516792A0043F1B7 /* Sources */,
				0D825B1E2516792A0043F1B7 /* Frameworks */,
				0D825B1F2516792A0043F1B7 /* Resources */,
			);
			buildRules = (
			);
			dependencies = (
				0D825B232516792A0043F1B7 /* PBXTargetDependency */,
			);
			name = LEDControllerTests;
			productName = LEDControllerTests;
			productReference = 0D825B212516792A0043F1B7 /* LEDControllerTests.xctest */;
			productType = "com.apple.product-type.bundle.unit-test";
		};
		0D825B2B2516792A0043F1B7 /* LEDControllerUITests */ = {
			isa = PBXNativeTarget;
			buildConfigurationList = 0D825B3B2516792A0043F1B7 /* Build configuration list for PBXNativeTarget "LEDControllerUITests" */;
			buildPhases = (
				0D825B282516792A0043F1B7 /* Sources */,
				0D825B292516792A0043F1B7 /* Frameworks */,
				0D825B2A2516792A0043F1B7 /* Resources */,
			);
			buildRules = (
			);
			dependencies = (
				0D825B2E2516792A0043F1B7 /* PBXTargetDependency */,
			);
			name = LEDControllerUITests;
			productName = LEDControllerUITests;
			productReference = 0D825B2C2516792A0043F1B7 /* LEDControllerUITests.xctest */;
			productType = "com.apple.product-type.bundle.ui-testing";
		};
/* End PBXNativeTarget section */

/* Begin PBXProject section */
		0D825B03251679290043F1B7 /* Project object */ = {
			isa = PBXProject;
			attributes = {
				LastSwiftUpdateCheck = 1200;
				LastUpgradeCheck = 1200;
				TargetAttributes = {
					0D825B0A251679290043F1B7 = {
						CreatedOnToolsVersion = 12.0;
					};
					0D825B202516792A0043F1B7 = {
						CreatedOnToolsVersion = 12.0;
						TestTargetID = 0D825B0A251679290043F1B7;
					};
					0D825B2B2516792A0043F1B7 = {
						CreatedOnToolsVersion = 12.0;
						TestTargetID = 0D825B0A251679290043F1B7;
					};
				};
			};
			buildConfigurationList = 0D825B06251679290043F1B7 /* Build configuration list for PBXProject "LEDController" */;
			compatibilityVersion = "Xcode 9.3";
			developmentRegion = en;
			hasScannedForEncodings = 0;
			knownRegions = (
				en,
				Base,
			);
			mainGroup = 0D825B02251679290043F1B7;
			productRefGroup = 0D825B0C251679290043F1B7 /* Products */;
			projectDirPath = "";
			projectRoot = "";
			targets = (
				0D825B0A251679290043F1B7 /* LEDController */,
				0D825B202516792A0043F1B7 /* LEDControllerTests */,
				0D825B2B2516792A0043F1B7 /* LEDControllerUITests */,
			);
		};
/* End PBXProject section */

/* Begin PBXResourcesBuildPhase section */
		0D825B09251679290043F1B7 /* Resources */ = {
			isa = PBXResourcesBuildPhase;
			buildActionMask = 2147483647;
			files = (
				0D825B1B2516792A0043F1B7 /* LaunchScreen.storyboard in Resources */,
				0D825B182516792A0043F1B7 /* Preview Assets.xcassets in Resources */,
				0D825B152516792A0043F1B7 /* Assets.xcassets in Resources */,
			);
			runOnlyForDeploymentPostprocessing = 0;
		};
		0D825B1F2516792A0043F1B7 /* Resources */ = {
			isa = PBXResourcesBuildPhase;
			buildActionMask = 2147483647;
			files = (
			);
			runOnlyForDeploymentPostprocessing = 0;
		};
		0D825B2A2516792A0043F1B7 /* Resources */ = {
			isa = PBXResourcesBuildPhase;
			buildActionMask = 2147483647;
			files = (
			);
			runOnlyForDeploymentPostprocessing = 0;
		};
/* End PBXResourcesBuildPhase section */

/* Begin PBXSourcesBuildPhase section */
		0D825B07251679290043F1B7 /* Sources */ = {
			isa = PBXSourcesBuildPhase;
			buildActionMask = 2147483647;
			files = (
				0D825B822517BB2E0043F1B7 /* PatternButton.swift in Sources */,
				0D825B0F251679290043F1B7 /* AppDelegate.swift in Sources */,
				0D825B4C25167EF20043F1B7 /* RGBColor.swift in Sources */,
				0D825B662517B7040043F1B7 /* RGBButton.swift in Sources */,
				0D825B872517BF590043F1B7 /* BLEManager.swift in Sources */,
				0D825B11251679290043F1B7 /* SceneDelegate.swift in Sources */,
				0D825B13251679290043F1B7 /* HomeView.swift in Sources */,
				0D825B602517B5790043F1B7 /* UIColor+CustomColors.swift in Sources */,
				0D825B782517BA1F0043F1B7 /* PatternButtonStyle.swift in Sources */,
				0D825B4425167DC80043F1B7 /* ColorButtonStyle.swift in Sources */,
				0D825B7D2517BA550043F1B7 /* RGBPattern.swift in Sources */,
			);
			runOnlyForDeploymentPostprocessing = 0;
		};
		0D825B1D2516792A0043F1B7 /* Sources */ = {
			isa = PBXSourcesBuildPhase;
			buildActionMask = 2147483647;
			files = (
				0D825B262516792A0043F1B7 /* LEDControllerTests.swift in Sources */,
			);
			runOnlyForDeploymentPostprocessing = 0;
		};
		0D825B282516792A0043F1B7 /* Sources */ = {
			isa = PBXSourcesBuildPhase;
			buildActionMask = 2147483647;
			files = (
				0D825B312516792A0043F1B7 /* LEDControllerUITests.swift in Sources */,
			);
			runOnlyForDeploymentPostprocessing = 0;
		};
/* End PBXSourcesBuildPhase section */

/* Begin PBXTargetDependency section */
		0D825B232516792A0043F1B7 /* PBXTargetDependency */ = {
			isa = PBXTargetDependency;
			target = 0D825B0A251679290043F1B7 /* LEDController */;
			targetProxy = 0D825B222516792A0043F1B7 /* PBXContainerItemProxy */;
		};
		0D825B2E2516792A0043F1B7 /* PBXTargetDependency */ = {
			isa = PBXTargetDependency;
			target = 0D825B0A251679290043F1B7 /* LEDController */;
			targetProxy = 0D825B2D2516792A0043F1B7 /* PBXContainerItemProxy */;
		};
/* End PBXTargetDependency section */

/* Begin PBXVariantGroup section */
		0D825B192516792A0043F1B7 /* LaunchScreen.storyboard */ = {
			isa = PBXVariantGroup;
			children = (
				0D825B1A2516792A0043F1B7 /* Base */,
			);
			name = LaunchScreen.storyboard;
			sourceTree = "<group>";
		};
/* End PBXVariantGroup section */

/* Begin XCBuildConfiguration section */
		0D825B332516792A0043F1B7 /* Debug */ = {
			isa = XCBuildConfiguration;
			buildSettings = {
				ALWAYS_SEARCH_USER_PATHS = NO;
				CLANG_ANALYZER_NONNULL = YES;
				CLANG_ANALYZER_NUMBER_OBJECT_CONVERSION = YES_AGGRESSIVE;
				CLANG_CXX_LANGUAGE_STANDARD = "gnu++14";
				CLANG_CXX_LIBRARY = "libc++";
				CLANG_ENABLE_MODULES = YES;
				CLANG_ENABLE_OBJC_ARC = YES;
				CLANG_ENABLE_OBJC_WEAK = YES;
				CLANG_WARN_BLOCK_CAPTURE_AUTORELEASING = YES;
				CLANG_WARN_BOOL_CONVERSION = YES;
				CLANG_WARN_COMMA = YES;
				CLANG_WARN_CONSTANT_CONVERSION = YES;
				CLANG_WARN_DEPRECATED_OBJC_IMPLEMENTATIONS = YES;
				CLANG_WARN_DIRECT_OBJC_ISA_USAGE = YES_ERROR;
				CLANG_WARN_DOCUMENTATION_COMMENTS = YES;
				CLANG_WARN_EMPTY_BODY = YES;
				CLANG_WARN_ENUM_CONVERSION = YES;
				CLANG_WARN_INFINITE_RECURSION = YES;
				CLANG_WARN_INT_CONVERSION = YES;
				CLANG_WARN_NON_LITERAL_NULL_CONVERSION = YES;
				CLANG_WARN_OBJC_IMPLICIT_RETAIN_SELF = YES;
				CLANG_WARN_OBJC_LITERAL_CONVERSION = YES;
				CLANG_WARN_OBJC_ROOT_CLASS = YES_ERROR;
				CLANG_WARN_QUOTED_INCLUDE_IN_FRAMEWORK_HEADER = YES;
				CLANG_WARN_RANGE_LOOP_ANALYSIS = YES;
				CLANG_WARN_STRICT_PROTOTYPES = YES;
				CLANG_WARN_SUSPICIOUS_MOVE = YES;
				CLANG_WARN_UNGUARDED_AVAILABILITY = YES_AGGRESSIVE;
				CLANG_WARN_UNREACHABLE_CODE = YES;
				CLANG_WARN__DUPLICATE_METHOD_MATCH = YES;
				COPY_PHASE_STRIP = NO;
				DEBUG_INFORMATION_FORMAT = dwarf;
				ENABLE_STRICT_OBJC_MSGSEND = YES;
				ENABLE_TESTABILITY = YES;
				GCC_C_LANGUAGE_STANDARD = gnu11;
				GCC_DYNAMIC_NO_PIC = NO;
				GCC_NO_COMMON_BLOCKS = YES;
				GCC_OPTIMIZATION_LEVEL = 0;
				GCC_PREPROCESSOR_DEFINITIONS = (
					"DEBUG=1",
					"$(inherited)",
				);
				GCC_WARN_64_TO_32_BIT_CONVERSION = YES;
				GCC_WARN_ABOUT_RETURN_TYPE = YES_ERROR;
				GCC_WARN_UNDECLARED_SELECTOR = YES;
				GCC_WARN_UNINITIALIZED_AUTOS = YES_AGGRESSIVE;
				GCC_WARN_UNUSED_FUNCTION = YES;
				GCC_WARN_UNUSED_VARIABLE = YES;
				IPHONEOS_DEPLOYMENT_TARGET = 14.0;
				MTL_ENABLE_DEBUG_INFO = INCLUDE_SOURCE;
				MTL_FAST_MATH = YES;
				ONLY_ACTIVE_ARCH = YES;
				SDKROOT = iphoneos;
				SWIFT_ACTIVE_COMPILATION_CONDITIONS = DEBUG;
				SWIFT_OPTIMIZATION_LEVEL = "-Onone";
			};
			name = Debug;
		};
		0D825B342516792A0043F1B7 /* Release */ = {
			isa = XCBuildConfiguration;
			buildSettings = {
				ALWAYS_SEARCH_USER_PATHS = NO;
				CLANG_ANALYZER_NONNULL = YES;
				CLANG_ANALYZER_NUMBER_OBJECT_CONVERSION = YES_AGGRESSIVE;
				CLANG_CXX_LANGUAGE_STANDARD = "gnu++14";
				CLANG_CXX_LIBRARY = "libc++";
				CLANG_ENABLE_MODULES = YES;
				CLANG_ENABLE_OBJC_ARC = YES;
				CLANG_ENABLE_OBJC_WEAK = YES;
				CLANG_WARN_BLOCK_CAPTURE_AUTORELEASING = YES;
				CLANG_WARN_BOOL_CONVERSION = YES;
				CLANG_WARN_COMMA = YES;
				CLANG_WARN_CONSTANT_CONVERSION = YES;
				CLANG_WARN_DEPRECATED_OBJC_IMPLEMENTATIONS = YES;
				CLANG_WARN_DIRECT_OBJC_ISA_USAGE = YES_ERROR;
				CLANG_WARN_DOCUMENTATION_COMMENTS = YES;
				CLANG_WARN_EMPTY_BODY = YES;
				CLANG_WARN_ENUM_CONVERSION = YES;
				CLANG_WARN_INFINITE_RECURSION = YES;
				CLANG_WARN_INT_CONVERSION = YES;
				CLANG_WARN_NON_LITERAL_NULL_CONVERSION = YES;
				CLANG_WARN_OBJC_IMPLICIT_RETAIN_SELF = YES;
				CLANG_WARN_OBJC_LITERAL_CONVERSION = YES;
				CLANG_WARN_OBJC_ROOT_CLASS = YES_ERROR;
				CLANG_WARN_QUOTED_INCLUDE_IN_FRAMEWORK_HEADER = YES;
				CLANG_WARN_RANGE_LOOP_ANALYSIS = YES;
				CLANG_WARN_STRICT_PROTOTYPES = YES;
				CLANG_WARN_SUSPICIOUS_MOVE = YES;
				CLANG_WARN_UNGUARDED_AVAILABILITY = YES_AGGRESSIVE;
				CLANG_WARN_UNREACHABLE_CODE = YES;
				CLANG_WARN__DUPLICATE_METHOD_MATCH = YES;
				COPY_PHASE_STRIP = NO;
				DEBUG_INFORMATION_FORMAT = "dwarf-with-dsym";
				ENABLE_NS_ASSERTIONS = NO;
				ENABLE_STRICT_OBJC_MSGSEND = YES;
				GCC_C_LANGUAGE_STANDARD = gnu11;
				GCC_NO_COMMON_BLOCKS = YES;
				GCC_WARN_64_TO_32_BIT_CONVERSION = YES;
				GCC_WARN_ABOUT_RETURN_TYPE = YES_ERROR;
				GCC_WARN_UNDECLARED_SELECTOR = YES;
				GCC_WARN_UNINITIALIZED_AUTOS = YES_AGGRESSIVE;
				GCC_WARN_UNUSED_FUNCTION = YES;
				GCC_WARN_UNUSED_VARIABLE = YES;
				IPHONEOS_DEPLOYMENT_TARGET = 14.0;
				MTL_ENABLE_DEBUG_INFO = NO;
				MTL_FAST_MATH = YES;
				SDKROOT = iphoneos;
				SWIFT_COMPILATION_MODE = wholemodule;
				SWIFT_OPTIMIZATION_LEVEL = "-O";
				VALIDATE_PRODUCT = YES;
			};
			name = Release;
		};
		0D825B362516792A0043F1B7 /* Debug */ = {
			isa = XCBuildConfiguration;
			buildSettings = {
				ASSETCATALOG_COMPILER_APPICON_NAME = AppIcon;
				ASSETCATALOG_COMPILER_GLOBAL_ACCENT_COLOR_NAME = AccentColor;
				CODE_SIGN_STYLE = Automatic;
				DEVELOPMENT_ASSET_PATHS = "\"LEDController/Preview Content\"";
				DEVELOPMENT_TEAM = H8S3SW8N74;
				ENABLE_PREVIEWS = YES;
				INFOPLIST_FILE = LEDController/Info.plist;
				LD_RUNPATH_SEARCH_PATHS = (
					"$(inherited)",
					"@executable_path/Frameworks",
				);
				PRODUCT_BUNDLE_IDENTIFIER = tripphillips.tech.LEDController;
				PRODUCT_NAME = "$(TARGET_NAME)";
				SWIFT_VERSION = 5.0;
				TARGETED_DEVICE_FAMILY = "1,2";
			};
			name = Debug;
		};
		0D825B372516792A0043F1B7 /* Release */ = {
			isa = XCBuildConfiguration;
			buildSettings = {
				ASSETCATALOG_COMPILER_APPICON_NAME = AppIcon;
				ASSETCATALOG_COMPILER_GLOBAL_ACCENT_COLOR_NAME = AccentColor;
				CODE_SIGN_STYLE = Automatic;
				DEVELOPMENT_ASSET_PATHS = "\"LEDController/Preview Content\"";
				DEVELOPMENT_TEAM = H8S3SW8N74;
				ENABLE_PREVIEWS = YES;
				INFOPLIST_FILE = LEDController/Info.plist;
				LD_RUNPATH_SEARCH_PATHS = (
					"$(inherited)",
					"@executable_path/Frameworks",
				);
				PRODUCT_BUNDLE_IDENTIFIER = tripphillips.tech.LEDController;
				PRODUCT_NAME = "$(TARGET_NAME)";
				SWIFT_VERSION = 5.0;
				TARGETED_DEVICE_FAMILY = "1,2";
			};
			name = Release;
		};
		0D825B392516792A0043F1B7 /* Debug */ = {
			isa = XCBuildConfiguration;
			buildSettings = {
				ALWAYS_EMBED_SWIFT_STANDARD_LIBRARIES = YES;
				BUNDLE_LOADER = "$(TEST_HOST)";
				CODE_SIGN_STYLE = Automatic;
				DEVELOPMENT_TEAM = H8S3SW8N74;
				INFOPLIST_FILE = LEDControllerTests/Info.plist;
				IPHONEOS_DEPLOYMENT_TARGET = 14.0;
				LD_RUNPATH_SEARCH_PATHS = (
					"$(inherited)",
					"@executable_path/Frameworks",
					"@loader_path/Frameworks",
				);
				PRODUCT_BUNDLE_IDENTIFIER = tripphillips.tech.LEDControllerTests;
				PRODUCT_NAME = "$(TARGET_NAME)";
				SWIFT_VERSION = 5.0;
				TARGETED_DEVICE_FAMILY = "1,2";
				TEST_HOST = "$(BUILT_PRODUCTS_DIR)/LEDController.app/LEDController";
			};
			name = Debug;
		};
		0D825B3A2516792A0043F1B7 /* Release */ = {
			isa = XCBuildConfiguration;
			buildSettings = {
				ALWAYS_EMBED_SWIFT_STANDARD_LIBRARIES = YES;
				BUNDLE_LOADER = "$(TEST_HOST)";
				CODE_SIGN_STYLE = Automatic;
				DEVELOPMENT_TEAM = H8S3SW8N74;
				INFOPLIST_FILE = LEDControllerTests/Info.plist;
				IPHONEOS_DEPLOYMENT_TARGET = 14.0;
				LD_RUNPATH_SEARCH_PATHS = (
					"$(inherited)",
					"@executable_path/Frameworks",
					"@loader_path/Frameworks",
				);
				PRODUCT_BUNDLE_IDENTIFIER = tripphillips.tech.LEDControllerTests;
				PRODUCT_NAME = "$(TARGET_NAME)";
				SWIFT_VERSION = 5.0;
				TARGETED_DEVICE_FAMILY = "1,2";
				TEST_HOST = "$(BUILT_PRODUCTS_DIR)/LEDController.app/LEDController";
			};
			name = Release;
		};
		0D825B3C2516792A0043F1B7 /* Debug */ = {
			isa = XCBuildConfiguration;
			buildSettings = {
				ALWAYS_EMBED_SWIFT_STANDARD_LIBRARIES = YES;
				CODE_SIGN_STYLE = Automatic;
				DEVELOPMENT_TEAM = H8S3SW8N74;
				INFOPLIST_FILE = LEDControllerUITests/Info.plist;
				LD_RUNPATH_SEARCH_PATHS = (
					"$(inherited)",
					"@executable_path/Frameworks",
					"@loader_path/Frameworks",
				);
				PRODUCT_BUNDLE_IDENTIFIER = tripphillips.tech.LEDControllerUITests;
				PRODUCT_NAME = "$(TARGET_NAME)";
				SWIFT_VERSION = 5.0;
				TARGETED_DEVICE_FAMILY = "1,2";
				TEST_TARGET_NAME = LEDController;
			};
			name = Debug;
		};
		0D825B3D2516792A0043F1B7 /* Release */ = {
			isa = XCBuildConfiguration;
			buildSettings = {
				ALWAYS_EMBED_SWIFT_STANDARD_LIBRARIES = YES;
				CODE_SIGN_STYLE = Automatic;
				DEVELOPMENT_TEAM = H8S3SW8N74;
				INFOPLIST_FILE = LEDControllerUITests/Info.plist;
				LD_RUNPATH_SEARCH_PATHS = (
					"$(inherited)",
					"@executable_path/Frameworks",
					"@loader_path/Frameworks",
				);
				PRODUCT_BUNDLE_IDENTIFIER = tripphillips.tech.LEDControllerUITests;
				PRODUCT_NAME = "$(TARGET_NAME)";
				SWIFT_VERSION = 5.0;
				TARGETED_DEVICE_FAMILY = "1,2";
				TEST_TARGET_NAME = LEDController;
			};
			name = Release;
		};
/* End XCBuildConfiguration section */

/* Begin XCConfigurationList section */
		0D825B06251679290043F1B7 /* Build configuration list for PBXProject "LEDController" */ = {
			isa = XCConfigurationList;
			buildConfigurations = (
				0D825B332516792A0043F1B7 /* Debug */,
				0D825B342516792A0043F1B7 /* Release */,
			);
			defaultConfigurationIsVisible = 0;
			defaultConfigurationName = Release;
		};
		0D825B352516792A0043F1B7 /* Build configuration list for PBXNativeTarget "LEDController" */ = {
			isa = XCConfigurationList;
			buildConfigurations = (
				0D825B362516792A0043F1B7 /* Debug */,
				0D825B372516792A0043F1B7 /* Release */,
			);
			defaultConfigurationIsVisible = 0;
			defaultConfigurationName = Release;
		};
		0D825B382516792A0043F1B7 /* Build configuration list for PBXNativeTarget "LEDControllerTests" */ = {
			isa = XCConfigurationList;
			buildConfigurations = (
				0D825B392516792A0043F1B7 /* Debug */,
				0D825B3A2516792A0043F1B7 /* Release */,
			);
			defaultConfigurationIsVisible = 0;
			defaultConfigurationName = Release;
		};
		0D825B3B2516792A0043F1B7 /* Build configuration list for PBXNativeTarget "LEDControllerUITests" */ = {
			isa = XCConfigurationList;
			buildConfigurations = (
				0D825B3C2516792A0043F1B7 /* Debug */,
				0D825B3D2516792A0043F1B7 /* Release */,
			);
			defaultConfigurationIsVisible = 0;
			defaultConfigurationName = Release;
		};
/* End XCConfigurationList section */
	};
	rootObject = 0D825B03251679290043F1B7 /* Project object */;
}
